
Microsoft Visual Studio Solution File, Format Version 12.00
# Visual Studio Version 16
VisualStudioVersion = 16.0.31729.503
MinimumVisualStudioVersion = 10.0.40219.1
Project("{FAE04EC0-301F-11D3-BF4B-00C04F79EFBC}") = "TMS_CRS", "TMS_CRS\TMS_CRS.csproj", "{DED8868B-EDF3-4311-8BFB-982A39F9ECB7}"
EndProject
Project("{FAE04EC0-301F-11D3-BF4B-00C04F79EFBC}") = "TestTMS", "TestTMS\TestTMS.csproj", "{AC284927-998D-4715-A54E-7B73342A7BDF}"
EndProject
Global
	GlobalSection(SolutionConfigurationPlatforms) = preSolution
		Debug|Any CPU = Debug|Any CPU
		Release|Any CPU = Release|Any CPU
	EndGlobalSection
	GlobalSection(ProjectConfigurationPlatforms) = postSolution
		{DED8868B-EDF3-4311-8BFB-982A39F9ECB7}.Debug|Any CPU.ActiveCfg = Debug|Any CPU
		{DED8868B-EDF3-4311-8BFB-982A39F9ECB7}.Debug|Any CPU.Build.0 = Debug|Any CPU
		{DED8868B-EDF3-4311-8BFB-982A39F9ECB7}.Release|Any CPU.ActiveCfg = Release|Any CPU
		{DED8868B-EDF3-4311-8BFB-982A39F9ECB7}.Release|Any CPU.Build.0 = Release|Any CPU
		{AC284927-998D-4715-A54E-7B73342A7BDF}.Debug|Any CPU.ActiveCfg = Debug|Any CPU
		{AC284927-998D-4715-A54E-7B73342A7BDF}.Debug|Any CPU.Build.0 = Debug|Any CPU
		{AC284927-998D-4715-A54E-7B73342A7BDF}.Release|Any CPU.ActiveCfg = Release|Any CPU
		{AC284927-998D-4715-A54E-7B73342A7BDF}.Release|Any CPU.Build.0 = Release|Any CPU
	EndGlobalSection
	GlobalSection(SolutionProperties) = preSolution
		HideSolutionNode = FALSE
	EndGlobalSection
	GlobalSection(ExtensibilityGlobals) = postSolution
		SolutionGuid = {3C813293-F95A-41A0-ACCB-D2CA9249376E}
	EndGlobalSection
EndGlobal
